
Microsoft Visual Studio Solution File, Format Version 12.00
# Visual Studio Version 16
VisualStudioVersion = 16.0.31605.320
MinimumVisualStudioVersion = 10.0.40219.1
Project("{FAE04EC0-301F-11D3-BF4B-00C04F79EFBC}") = "Vooguil.App.UWP", "Vooguil.App\Vooguil.App.UWP\Vooguil.App.UWP.csproj", "{60C9DF1D-DA23-4DD8-BAD2-DA970BE21DE0}"
EndProject
Project("{FAE04EC0-301F-11D3-BF4B-00C04F79EFBC}") = "Vooguil.App.Android", "Vooguil.App\Vooguil.App.Android\Vooguil.App.Android.csproj", "{42FAAE10-9EA2-4346-9701-E12738FAF41E}"
EndProject
Project("{FAE04EC0-301F-11D3-BF4B-00C04F79EFBC}") = "Vooguil.App.iOS", "Vooguil.App\Vooguil.App.iOS\Vooguil.App.iOS.csproj", "{7E613C8D-694A-48AF-85B3-2A8844EB1AC1}"
EndProject
Project("{FAE04EC0-301F-11D3-BF4B-00C04F79EFBC}") = "Vooguil.App", "Vooguil.App\Vooguil.App\Vooguil.App.csproj", "{1D57282B-B495-42F4-943D-EEE8391373BC}"
EndProject
Project("{FAE04EC0-301F-11D3-BF4B-00C04F79EFBC}") = "Vooguil.Service", "Vooguil.Service\Vooguil.Service.csproj", "{6038DE51-4AE2-472F-8697-6D34F0FFDC71}"
EndProject
Global
	GlobalSection(SolutionConfigurationPlatforms) = preSolution
		Debug|Any CPU = Debug|Any CPU
		Debug|ARM = Debug|ARM
		Debug|iPhone = Debug|iPhone
		Debug|iPhoneSimulator = Debug|iPhoneSimulator
		Debug|x64 = Debug|x64
		Debug|x86 = Debug|x86
		Release|Any CPU = Release|Any CPU
		Release|ARM = Release|ARM
		Release|iPhone = Release|iPhone
		Release|iPhoneSimulator = Release|iPhoneSimulator
		Release|x64 = Release|x64
		Release|x86 = Release|x86
	EndGlobalSection
	GlobalSection(ProjectConfigurationPlatforms) = postSolution
		{60C9DF1D-DA23-4DD8-BAD2-DA970BE21DE0}.Debug|Any CPU.ActiveCfg = Debug|x86
		{60C9DF1D-DA23-4DD8-BAD2-DA970BE21DE0}.Debug|Any CPU.Build.0 = Debug|x86
		{60C9DF1D-DA23-4DD8-BAD2-DA970BE21DE0}.Debug|Any CPU.Deploy.0 = Debug|x86
		{60C9DF1D-DA23-4DD8-BAD2-DA970BE21DE0}.Debug|ARM.ActiveCfg = Debug|ARM
		{60C9DF1D-DA23-4DD8-BAD2-DA970BE21DE0}.Debug|ARM.Build.0 = Debug|ARM
		{60C9DF1D-DA23-4DD8-BAD2-DA970BE21DE0}.Debug|ARM.Deploy.0 = Debug|ARM
		{60C9DF1D-DA23-4DD8-BAD2-DA970BE21DE0}.Debug|iPhone.ActiveCfg = Debug|x86
		{60C9DF1D-DA23-4DD8-BAD2-DA970BE21DE0}.Debug|iPhone.Build.0 = Debug|x86
		{60C9DF1D-DA23-4DD8-BAD2-DA970BE21DE0}.Debug|iPhone.Deploy.0 = Debug|x86
		{60C9DF1D-DA23-4DD8-BAD2-DA970BE21DE0}.Debug|iPhoneSimulator.ActiveCfg = Debug|x86
		{60C9DF1D-DA23-4DD8-BAD2-DA970BE21DE0}.Debug|iPhoneSimulator.Build.0 = Debug|x86
		{60C9DF1D-DA23-4DD8-BAD2-DA970BE21DE0}.Debug|iPhoneSimulator.Deploy.0 = Debug|x86
		{60C9DF1D-DA23-4DD8-BAD2-DA970BE21DE0}.Debug|x64.ActiveCfg = Debug|x64
		{60C9DF1D-DA23-4DD8-BAD2-DA970BE21DE0}.Debug|x64.Build.0 = Debug|x64
		{60C9DF1D-DA23-4DD8-BAD2-DA970BE21DE0}.Debug|x64.Deploy.0 = Debug|x64
		{60C9DF1D-DA23-4DD8-BAD2-DA970BE21DE0}.Debug|x86.ActiveCfg = Debug|x86
		{60C9DF1D-DA23-4DD8-BAD2-DA970BE21DE0}.Debug|x86.Build.0 = Debug|x86
		{60C9DF1D-DA23-4DD8-BAD2-DA970BE21DE0}.Debug|x86.Deploy.0 = Debug|x86
		{60C9DF1D-DA23-4DD8-BAD2-DA970BE21DE0}.Release|Any CPU.ActiveCfg = Release|x86
		{60C9DF1D-DA23-4DD8-BAD2-DA970BE21DE0}.Release|Any CPU.Build.0 = Release|x86
		{60C9DF1D-DA23-4DD8-BAD2-DA970BE21DE0}.Release|Any CPU.Deploy.0 = Release|x86
		{60C9DF1D-DA23-4DD8-BAD2-DA970BE21DE0}.Release|ARM.ActiveCfg = Release|ARM
		{60C9DF1D-DA23-4DD8-BAD2-DA970BE21DE0}.Release|ARM.Build.0 = Release|ARM
		{60C9DF1D-DA23-4DD8-BAD2-DA970BE21DE0}.Release|ARM.Deploy.0 = Release|ARM
		{60C9DF1D-DA23-4DD8-BAD2-DA970BE21DE0}.Release|iPhone.ActiveCfg = Release|x86
		{60C9DF1D-DA23-4DD8-BAD2-DA970BE21DE0}.Release|iPhone.Build.0 = Release|x86
		{60C9DF1D-DA23-4DD8-BAD2-DA970BE21DE0}.Release|iPhone.Deploy.0 = Release|x86
		{60C9DF1D-DA23-4DD8-BAD2-DA970BE21DE0}.Release|iPhoneSimulator.ActiveCfg = Release|x86
		{60C9DF1D-DA23-4DD8-BAD2-DA970BE21DE0}.Release|iPhoneSimulator.Build.0 = Release|x86
		{60C9DF1D-DA23-4DD8-BAD2-DA970BE21DE0}.Release|iPhoneSimulator.Deploy.0 = Release|x86
		{60C9DF1D-DA23-4DD8-BAD2-DA970BE21DE0}.Release|x64.ActiveCfg = Release|x64
		{60C9DF1D-DA23-4DD8-BAD2-DA970BE21DE0}.Release|x64.Build.0 = Release|x64
		{60C9DF1D-DA23-4DD8-BAD2-DA970BE21DE0}.Release|x64.Deploy.0 = Release|x64
		{60C9DF1D-DA23-4DD8-BAD2-DA970BE21DE0}.Release|x86.ActiveCfg = Release|x86
		{60C9DF1D-DA23-4DD8-BAD2-DA970BE21DE0}.Release|x86.Build.0 = Release|x86
		{60C9DF1D-DA23-4DD8-BAD2-DA970BE21DE0}.Release|x86.Deploy.0 = Release|x86
		{42FAAE10-9EA2-4346-9701-E12738FAF41E}.Debug|Any CPU.ActiveCfg = Debug|Any CPU
		{42FAAE10-9EA2-4346-9701-E12738FAF41E}.Debug|Any CPU.Build.0 = Debug|Any CPU
		{42FAAE10-9EA2-4346-9701-E12738FAF41E}.Debug|Any CPU.Deploy.0 = Debug|Any CPU
		{42FAAE10-9EA2-4346-9701-E12738FAF41E}.Debug|ARM.ActiveCfg = Debug|Any CPU
		{42FAAE10-9EA2-4346-9701-E12738FAF41E}.Debug|ARM.Build.0 = Debug|Any CPU
		{42FAAE10-9EA2-4346-9701-E12738FAF41E}.Debug|ARM.Deploy.0 = Debug|Any CPU
		{42FAAE10-9EA2-4346-9701-E12738FAF41E}.Debug|iPhone.ActiveCfg = Debug|Any CPU
		{42FAAE10-9EA2-4346-9701-E12738FAF41E}.Debug|iPhone.Build.0 = Debug|Any CPU
		{42FAAE10-9EA2-4346-9701-E12738FAF41E}.Debug|iPhone.Deploy.0 = Debug|Any CPU
		{42FAAE10-9EA2-4346-9701-E12738FAF41E}.Debug|iPhoneSimulator.ActiveCfg = Debug|Any CPU
		{42FAAE10-9EA2-4346-9701-E12738FAF41E}.Debug|iPhoneSimulator.Build.0 = Debug|Any CPU
		{42FAAE10-9EA2-4346-9701-E12738FAF41E}.Debug|iPhoneSimulator.Deploy.0 = Debug|Any CPU
		{42FAAE10-9EA2-4346-9701-E12738FAF41E}.Debug|x64.ActiveCfg = Debug|Any CPU
		{42FAAE10-9EA2-4346-9701-E12738FAF41E}.Debug|x64.Build.0 = Debug|Any CPU
		{42FAAE10-9EA2-4346-9701-E12738FAF41E}.Debug|x64.Deploy.0 = Debug|Any CPU
		{42FAAE10-9EA2-4346-9701-E12738FAF41E}.Debug|x86.ActiveCfg = Debug|Any CPU
		{42FAAE10-9EA2-4346-9701-E12738FAF41E}.Debug|x86.Build.0 = Debug|Any CPU
		{42FAAE10-9EA2-4346-9701-E12738FAF41E}.Debug|x86.Deploy.0 = Debug|Any CPU
		{42FAAE10-9EA2-4346-9701-E12738FAF41E}.Release|Any CPU.ActiveCfg = Release|Any CPU
		{42FAAE10-9EA2-4346-9701-E12738FAF41E}.Release|Any CPU.Build.0 = Release|Any CPU
		{42FAAE10-9EA2-4346-9701-E12738FAF41E}.Release|Any CPU.Deploy.0 = Release|Any CPU
		{42FAAE10-9EA2-4346-9701-E12738FAF41E}.Release|ARM.ActiveCfg = Release|Any CPU
		{42FAAE10-9EA2-4346-9701-E12738FAF41E}.Release|ARM.Build.0 = Release|Any CPU
		{42FAAE10-9EA2-4346-9701-E12738FAF41E}.Release|ARM.Deploy.0 = Release|Any CPU
		{42FAAE10-9EA2-4346-9701-E12738FAF41E}.Release|iPhone.ActiveCfg = Release|Any CPU
		{42FAAE10-9EA2-4346-9701-E12738FAF41E}.Release|iPhone.Build.0 = Release|Any CPU
		{42FAAE10-9EA2-4346-9701-E12738FAF41E}.Release|iPhone.Deploy.0 = Release|Any CPU
		{42FAAE10-9EA2-4346-9701-E12738FAF41E}.Release|iPhoneSimulator.ActiveCfg = Release|Any CPU
		{42FAAE10-9EA2-4346-9701-E12738FAF41E}.Release|iPhoneSimulator.Build.0 = Release|Any CPU
		{42FAAE10-9EA2-4346-9701-E12738FAF41E}.Release|iPhoneSimulator.Deploy.0 = Release|Any CPU
		{42FAAE10-9EA2-4346-9701-E12738FAF41E}.Release|x64.ActiveCfg = Release|Any CPU
		{42FAAE10-9EA2-4346-9701-E12738FAF41E}.Release|x64.Build.0 = Release|Any CPU
		{42FAAE10-9EA2-4346-9701-E12738FAF41E}.Release|x64.Deploy.0 = Release|Any CPU
		{42FAAE10-9EA2-4346-9701-E12738FAF41E}.Release|x86.ActiveCfg = Release|Any CPU
		{42FAAE10-9EA2-4346-9701-E12738FAF41E}.Release|x86.Build.0 = Release|Any CPU
		{42FAAE10-9EA2-4346-9701-E12738FAF41E}.Release|x86.Deploy.0 = Release|Any CPU
		{7E613C8D-694A-48AF-85B3-2A8844EB1AC1}.Debug|Any CPU.ActiveCfg = Debug|iPhoneSimulator
		{7E613C8D-694A-48AF-85B3-2A8844EB1AC1}.Debug|Any CPU.Build.0 = Debug|iPhoneSimulator
		{7E613C8D-694A-48AF-85B3-2A8844EB1AC1}.Debug|Any CPU.Deploy.0 = Debug|iPhoneSimulator
		{7E613C8D-694A-48AF-85B3-2A8844EB1AC1}.Debug|ARM.ActiveCfg = Debug|iPhone
		{7E613C8D-694A-48AF-85B3-2A8844EB1AC1}.Debug|ARM.Build.0 = Debug|iPhone
		{7E613C8D-694A-48AF-85B3-2A8844EB1AC1}.Debug|ARM.Deploy.0 = Debug|iPhone
		{7E613C8D-694A-48AF-85B3-2A8844EB1AC1}.Debug|iPhone.ActiveCfg = Debug|iPhone
		{7E613C8D-694A-48AF-85B3-2A8844EB1AC1}.Debug|iPhone.Build.0 = Debug|iPhone
		{7E613C8D-694A-48AF-85B3-2A8844EB1AC1}.Debug|iPhone.Deploy.0 = Debug|iPhone
		{7E613C8D-694A-48AF-85B3-2A8844EB1AC1}.Debug|iPhoneSimulator.ActiveCfg = Debug|iPhoneSimulator
		{7E613C8D-694A-48AF-85B3-2A8844EB1AC1}.Debug|iPhoneSimulator.Build.0 = Debug|iPhoneSimulator
		{7E613C8D-694A-48AF-85B3-2A8844EB1AC1}.Debug|iPhoneSimulator.Deploy.0 = Debug|iPhoneSimulator
		{7E613C8D-694A-48AF-85B3-2A8844EB1AC1}.Debug|x64.ActiveCfg = Debug|iPhoneSimulator
		{7E613C8D-694A-48AF-85B3-2A8844EB1AC1}.Debug|x64.Build.0 = Debug|iPhoneSimulator
		{7E613C8D-694A-48AF-85B3-2A8844EB1AC1}.Debug|x64.Deploy.0 = Debug|iPhoneSimulator
		{7E613C8D-694A-48AF-85B3-2A8844EB1AC1}.Debug|x86.ActiveCfg = Debug|iPhoneSimulator
		{7E613C8D-694A-48AF-85B3-2A8844EB1AC1}.Debug|x86.Build.0 = Debug|iPhoneSimulator
		{7E613C8D-694A-48AF-85B3-2A8844EB1AC1}.Debug|x86.Deploy.0 = Debug|iPhoneSimulator
		{7E613C8D-694A-48AF-85B3-2A8844EB1AC1}.Release|Any CPU.ActiveCfg = Release|iPhoneSimulator
		{7E613C8D-694A-48AF-85B3-2A8844EB1AC1}.Release|Any CPU.Build.0 = Release|iPhoneSimulator
		{7E613C8D-694A-48AF-85B3-2A8844EB1AC1}.Release|Any CPU.Deploy.0 = Release|iPhoneSimulator
		{7E613C8D-694A-48AF-85B3-2A8844EB1AC1}.Release|ARM.ActiveCfg = Release|iPhoneSimulator
		{7E613C8D-694A-48AF-85B3-2A8844EB1AC1}.Release|ARM.Build.0 = Release|iPhoneSimulator
		{7E613C8D-694A-48AF-85B3-2A8844EB1AC1}.Release|ARM.Deploy.0 = Release|iPhoneSimulator
		{7E613C8D-694A-48AF-85B3-2A8844EB1AC1}.Release|iPhone.ActiveCfg = Release|iPhone
		{7E613C8D-694A-48AF-85B3-2A8844EB1AC1}.Release|iPhone.Build.0 = Release|iPhone
		{7E613C8D-694A-48AF-85B3-2A8844EB1AC1}.Release|iPhone.Deploy.0 = Release|iPhone
		{7E613C8D-694A-48AF-85B3-2A8844EB1AC1}.Release|iPhoneSimulator.ActiveCfg = Release|iPhoneSimulator
		{7E613C8D-694A-48AF-85B3-2A8844EB1AC1}.Release|iPhoneSimulator.Build.0 = Release|iPhoneSimulator
		{7E613C8D-694A-48AF-85B3-2A8844EB1AC1}.Release|iPhoneSimulator.Deploy.0 = Release|iPhoneSimulator
		{7E613C8D-694A-48AF-85B3-2A8844EB1AC1}.Release|x64.ActiveCfg = Release|iPhoneSimulator
		{7E613C8D-694A-48AF-85B3-2A8844EB1AC1}.Release|x64.Build.0 = Release|iPhoneSimulator
		{7E613C8D-694A-48AF-85B3-2A8844EB1AC1}.Release|x64.Deploy.0 = Release|iPhoneSimulator
		{7E613C8D-694A-48AF-85B3-2A8844EB1AC1}.Release|x86.ActiveCfg = Release|iPhoneSimulator
		{7E613C8D-694A-48AF-85B3-2A8844EB1AC1}.Release|x86.Build.0 = Release|iPhoneSimulator
		{7E613C8D-694A-48AF-85B3-2A8844EB1AC1}.Release|x86.Deploy.0 = Release|iPhoneSimulator
		{1D57282B-B495-42F4-943D-EEE8391373BC}.Debug|Any CPU.ActiveCfg = Debug|Any CPU
		{1D57282B-B495-42F4-943D-EEE8391373BC}.Debug|Any CPU.Build.0 = Debug|Any CPU
		{1D57282B-B495-42F4-943D-EEE8391373BC}.Debug|Any CPU.Deploy.0 = Debug|Any CPU
		{1D57282B-B495-42F4-943D-EEE8391373BC}.Debug|ARM.ActiveCfg = Debug|Any CPU
		{1D57282B-B495-42F4-943D-EEE8391373BC}.Debug|ARM.Build.0 = Debug|Any CPU
		{1D57282B-B495-42F4-943D-EEE8391373BC}.Debug|ARM.Deploy.0 = Debug|Any CPU
		{1D57282B-B495-42F4-943D-EEE8391373BC}.Debug|iPhone.ActiveCfg = Debug|Any CPU
		{1D57282B-B495-42F4-943D-EEE8391373BC}.Debug|iPhone.Build.0 = Debug|Any CPU
		{1D57282B-B495-42F4-943D-EEE8391373BC}.Debug|iPhone.Deploy.0 = Debug|Any CPU
		{1D57282B-B495-42F4-943D-EEE8391373BC}.Debug|iPhoneSimulator.ActiveCfg = Debug|Any CPU
		{1D57282B-B495-42F4-943D-EEE8391373BC}.Debug|iPhoneSimulator.Build.0 = Debug|Any CPU
		{1D57282B-B495-42F4-943D-EEE8391373BC}.Debug|iPhoneSimulator.Deploy.0 = Debug|Any CPU
		{1D57282B-B495-42F4-943D-EEE8391373BC}.Debug|x64.ActiveCfg = Debug|Any CPU
		{1D57282B-B495-42F4-943D-EEE8391373BC}.Debug|x64.Build.0 = Debug|Any CPU
		{1D57282B-B495-42F4-943D-EEE8391373BC}.Debug|x64.Deploy.0 = Debug|Any CPU
		{1D57282B-B495-42F4-943D-EEE8391373BC}.Debug|x86.ActiveCfg = Debug|Any CPU
		{1D57282B-B495-42F4-943D-EEE8391373BC}.Debug|x86.Build.0 = Debug|Any CPU
		{1D57282B-B495-42F4-943D-EEE8391373BC}.Debug|x86.Deploy.0 = Debug|Any CPU
		{1D57282B-B495-42F4-943D-EEE8391373BC}.Release|Any CPU.ActiveCfg = Release|Any CPU
		{1D57282B-B495-42F4-943D-EEE8391373BC}.Release|Any CPU.Build.0 = Release|Any CPU
		{1D57282B-B495-42F4-943D-EEE8391373BC}.Release|Any CPU.Deploy.0 = Release|Any CPU
		{1D57282B-B495-42F4-943D-EEE8391373BC}.Release|ARM.ActiveCfg = Release|Any CPU
		{1D57282B-B495-42F4-943D-EEE8391373BC}.Release|ARM.Build.0 = Release|Any CPU
		{1D57282B-B495-42F4-943D-EEE8391373BC}.Release|ARM.Deploy.0 = Release|Any CPU
		{1D57282B-B495-42F4-943D-EEE8391373BC}.Release|iPhone.ActiveCfg = Release|Any CPU
		{1D57282B-B495-42F4-943D-EEE8391373BC}.Release|iPhone.Build.0 = Release|Any CPU
		{1D57282B-B495-42F4-943D-EEE8391373BC}.Release|iPhone.Deploy.0 = Release|Any CPU
		{1D57282B-B495-42F4-943D-EEE8391373BC}.Release|iPhoneSimulator.ActiveCfg = Release|Any CPU
		{1D57282B-B495-42F4-943D-EEE8391373BC}.Release|iPhoneSimulator.Build.0 = Release|Any CPU
		{1D57282B-B495-42F4-943D-EEE8391373BC}.Release|iPhoneSimulator.Deploy.0 = Release|Any CPU
		{1D57282B-B495-42F4-943D-EEE8391373BC}.Release|x64.ActiveCfg = Release|Any CPU
		{1D57282B-B495-42F4-943D-EEE8391373BC}.Release|x64.Build.0 = Release|Any CPU
		{1D57282B-B495-42F4-943D-EEE8391373BC}.Release|x64.Deploy.0 = Release|Any CPU
		{1D57282B-B495-42F4-943D-EEE8391373BC}.Release|x86.ActiveCfg = Release|Any CPU
		{1D57282B-B495-42F4-943D-EEE8391373BC}.Release|x86.Build.0 = Release|Any CPU
		{1D57282B-B495-42F4-943D-EEE8391373BC}.Release|x86.Deploy.0 = Release|Any CPU
		{6038DE51-4AE2-472F-8697-6D34F0FFDC71}.Debug|Any CPU.ActiveCfg = Debug|Any CPU
		{6038DE51-4AE2-472F-8697-6D34F0FFDC71}.Debug|Any CPU.Build.0 = Debug|Any CPU
		{6038DE51-4AE2-472F-8697-6D34F0FFDC71}.Debug|ARM.ActiveCfg = Debug|Any CPU
		{6038DE51-4AE2-472F-8697-6D34F0FFDC71}.Debug|ARM.Build.0 = Debug|Any CPU
		{6038DE51-4AE2-472F-8697-6D34F0FFDC71}.Debug|iPhone.ActiveCfg = Debug|Any CPU
		{6038DE51-4AE2-472F-8697-6D34F0FFDC71}.Debug|iPhone.Build.0 = Debug|Any CPU
		{6038DE51-4AE2-472F-8697-6D34F0FFDC71}.Debug|iPhoneSimulator.ActiveCfg = Debug|Any CPU
		{6038DE51-4AE2-472F-8697-6D34F0FFDC71}.Debug|iPhoneSimulator.Build.0 = Debug|Any CPU
		{6038DE51-4AE2-472F-8697-6D34F0FFDC71}.Debug|x64.ActiveCfg = Debug|Any CPU
		{6038DE51-4AE2-472F-8697-6D34F0FFDC71}.Debug|x64.Build.0 = Debug|Any CPU
		{6038DE51-4AE2-472F-8697-6D34F0FFDC71}.Debug|x86.ActiveCfg = Debug|Any CPU
		{6038DE51-4AE2-472F-8697-6D34F0FFDC71}.Debug|x86.Build.0 = Debug|Any CPU
		{6038DE51-4AE2-472F-8697-6D34F0FFDC71}.Release|Any CPU.ActiveCfg = Release|Any CPU
		{6038DE51-4AE2-472F-8697-6D34F0FFDC71}.Release|Any CPU.Build.0 = Release|Any CPU
		{6038DE51-4AE2-472F-8697-6D34F0FFDC71}.Release|ARM.ActiveCfg = Release|Any CPU
		{6038DE51-4AE2-472F-8697-6D34F0FFDC71}.Release|ARM.Build.0 = Release|Any CPU
		{6038DE51-4AE2-472F-8697-6D34F0FFDC71}.Release|iPhone.ActiveCfg = Release|Any CPU
		{6038DE51-4AE2-472F-8697-6D34F0FFDC71}.Release|iPhone.Build.0 = Release|Any CPU
		{6038DE51-4AE2-472F-8697-6D34F0FFDC71}.Release|iPhoneSimulator.ActiveCfg = Release|Any CPU
		{6038DE51-4AE2-472F-8697-6D34F0FFDC71}.Release|iPhoneSimulator.Build.0 = Release|Any CPU
		{6038DE51-4AE2-472F-8697-6D34F0FFDC71}.Release|x64.ActiveCfg = Release|Any CPU
		{6038DE51-4AE2-472F-8697-6D34F0FFDC71}.Release|x64.Build.0 = Release|Any CPU
		{6038DE51-4AE2-472F-8697-6D34F0FFDC71}.Release|x86.ActiveCfg = Release|Any CPU
		{6038DE51-4AE2-472F-8697-6D34F0FFDC71}.Release|x86.Build.0 = Release|Any CPU
	EndGlobalSection
	GlobalSection(SolutionProperties) = preSolution
		HideSolutionNode = FALSE
	EndGlobalSection
	GlobalSection(ExtensibilityGlobals) = postSolution
		SolutionGuid = {2378E191-7754-4F56-A202-ECD65B888137}
	EndGlobalSection
EndGlobal
